
Microsoft Visual Studio Solution File, Format Version 12.00
# Visual Studio Version 16
VisualStudioVersion = 16.0.31729.503
MinimumVisualStudioVersion = 10.0.40219.1
Project("{FAE04EC0-301F-11D3-BF4B-00C04F79EFBC}") = "Employee_Payroll_ServiceADO.NET", "Employee_Payroll_ServiceADO.NET\Employee_Payroll_ServiceADO.NET.csproj", "{45DE7CB6-ECFD-4D3A-89D4-BD3A20588DAB}"
EndProject
Global
	GlobalSection(SolutionConfigurationPlatforms) = preSolution
		Debug|Any CPU = Debug|Any CPU
		Release|Any CPU = Release|Any CPU
	EndGlobalSection
	GlobalSection(ProjectConfigurationPlatforms) = postSolution
		{45DE7CB6-ECFD-4D3A-89D4-BD3A20588DAB}.Debug|Any CPU.ActiveCfg = Debug|Any CPU
		{45DE7CB6-ECFD-4D3A-89D4-BD3A20588DAB}.Debug|Any CPU.Build.0 = Debug|Any CPU
		{45DE7CB6-ECFD-4D3A-89D4-BD3A20588DAB}.Release|Any CPU.ActiveCfg = Release|Any CPU
		{45DE7CB6-ECFD-4D3A-89D4-BD3A20588DAB}.Release|Any CPU.Build.0 = Release|Any CPU
	EndGlobalSection
	GlobalSection(SolutionProperties) = preSolution
		HideSolutionNode = FALSE
	EndGlobalSection
	GlobalSection(ExtensibilityGlobals) = postSolution
		SolutionGuid = {D14E2E9C-5ACC-4593-96C2-2B2B16575C62}
	EndGlobalSection
EndGlobal
